
Microsoft Visual Studio Solution File, Format Version 12.00
# Visual Studio 14
VisualStudioVersion = 14.0.25420.1
MinimumVisualStudioVersion = 10.0.40219.1
Project("{FAE04EC0-301F-11D3-BF4B-00C04F79EFBC}") = "AIProject4Nes", "AIProject4Nes\AIProject4Nes.csproj", "{C06F4876-64CE-4C8E-B9A6-E5A28A96466B}"
EndProject
Global
	GlobalSection(SolutionConfigurationPlatforms) = preSolution
		Debug|Any CPU = Debug|Any CPU
		Release|Any CPU = Release|Any CPU
	EndGlobalSection
	GlobalSection(ProjectConfigurationPlatforms) = postSolution
		{C06F4876-64CE-4C8E-B9A6-E5A28A96466B}.Debug|Any CPU.ActiveCfg = Debug|Any CPU
		{C06F4876-64CE-4C8E-B9A6-E5A28A96466B}.Debug|Any CPU.Build.0 = Debug|Any CPU
		{C06F4876-64CE-4C8E-B9A6-E5A28A96466B}.Release|Any CPU.ActiveCfg = Release|Any CPU
		{C06F4876-64CE-4C8E-B9A6-E5A28A96466B}.Release|Any CPU.Build.0 = Release|Any CPU
	EndGlobalSection
	GlobalSection(SolutionProperties) = preSolution
		HideSolutionNode = FALSE
	EndGlobalSection
EndGlobal
